<?xml version="1.0" encoding="utf-8"?>
<Project ToolsVersion="4.0" xmlns="http://schemas.microsoft.com/developer/msbuild/2003">
  <ItemGroup>
    <Filter Include="源文件">
      <UniqueIdentifier>{4FC737F1-C7A5-4376-A066-2A32D752A2FF}</UniqueIdentifier>
      <Extensions>cpp;c;cc;cxx;c++;cppm;ixx;def;odl;idl;hpj;bat;asm;asmx</Extensions>
    </Filter>
    <Filter Include="头文件">
      <UniqueIdentifier>{93995380-89BD-4b04-88EB-625FBE52EBFB}</UniqueIdentifier>
      <Extensions>h;hh;hpp;hxx;h++;hm;inl;inc;ipp;xsd</Extensions>
    </Filter>
    <Filter Include="资源文件">
      <UniqueIdentifier>{67DA6AB6-F800-4c08-8B7A-83BB121AAD01}</UniqueIdentifier>
      <Extensions>rc;ico;cur;bmp;dlg;rc2;rct;bin;rgs;gif;jpg;jpeg;jpe;resx;tiff;tif;png;wav;mfcribbon-ms</Extensions>
    </Filter>
    <Filter Include="ECK Src">
      <UniqueIdentifier>{cbd3bfff-be78-463f-b3f0-d8b1f3a3851b}</UniqueIdentifier>
    </Filter>
    <Filter Include="ECK Include">
      <UniqueIdentifier>{71789331-3ac2-45f7-8fe6-7e42e5769f44}</UniqueIdentifier>
    </Filter>
  </ItemGroup>
  <ItemGroup>
    <ClInclude Include="Resource.h">
      <Filter>头文件</Filter>
    </ClInclude>
    <ClInclude Include="CTestWnd.h">
      <Filter>头文件</Filter>
    </ClInclude>
    <ClInclude Include="targetver.h">
      <Filter>头文件</Filter>
    </ClInclude>
  </ItemGroup>
  <ItemGroup>
    <ClCompile Include="eck\ECK.cpp">
      <Filter>ECK Src</Filter>
    </ClCompile>
    <ClCompile Include="eck\CScrollBar.h">
      <Filter>ECK Include</Filter>
    </ClCompile>
    <ClCompile Include="t_main.cpp">
      <Filter>源文件</Filter>
    </ClCompile>
    <ClCompile Include="CTestWnd.cpp">
      <Filter>源文件</Filter>
    </ClCompile>
    <ClCompile Include="eck\CAllocator.h">
      <Filter>ECK Include</Filter>
    </ClCompile>
    <ClCompile Include="eck\CArray.h">
      <Filter>ECK Include</Filter>
    </ClCompile>
    <ClCompile Include="eck\CArray2D.h">
      <Filter>ECK Include</Filter>
    </ClCompile>
    <ClCompile Include="eck\CBitSet.h">
      <Filter>ECK Include</Filter>
    </ClCompile>
    <ClCompile Include="eck\CButton.h">
      <Filter>ECK Include</Filter>
    </ClCompile>
    <ClCompile Include="eck\CColorPickBlock.h">
      <Filter>ECK Include</Filter>
    </ClCompile>
    <ClCompile Include="eck\CColorPicker.h">
      <Filter>ECK Include</Filter>
    </ClCompile>
    <ClCompile Include="eck\CColorReducing.h">
      <Filter>ECK Include</Filter>
    </ClCompile>
    <ClCompile Include="eck\CComboBox.h">
      <Filter>ECK Include</Filter>
    </ClCompile>
    <ClCompile Include="eck\CComboBoxEx.h">
      <Filter>ECK Include</Filter>
    </ClCompile>
    <ClCompile Include="eck\CComboBoxNew.h">
      <Filter>ECK Include</Filter>
    </ClCompile>
    <ClCompile Include="eck\CConditionVariable.h">
      <Filter>ECK Include</Filter>
    </ClCompile>
    <ClCompile Include="eck\CCriticalSection.h">
      <Filter>ECK Include</Filter>
    </ClCompile>
    <ClCompile Include="eck\CD2DImageList.h">
      <Filter>ECK Include</Filter>
    </ClCompile>
    <ClCompile Include="eck\CD3DImageList.h">
      <Filter>ECK Include</Filter>
    </ClCompile>
    <ClCompile Include="eck\CDataObjectHDrop.h">
      <Filter>ECK Include</Filter>
    </ClCompile>
    <ClCompile Include="eck\CDateTimePicker.h">
      <Filter>ECK Include</Filter>
    </ClCompile>
    <ClCompile Include="eck\CDialog.h">
      <Filter>ECK Include</Filter>
    </ClCompile>
    <ClCompile Include="eck\CDrawPanel.h">
      <Filter>ECK Include</Filter>
    </ClCompile>
    <ClCompile Include="eck\CDuiButton.h">
      <Filter>ECK Include</Filter>
    </ClCompile>
    <ClCompile Include="eck\CDuiCircleButton.h">
      <Filter>ECK Include</Filter>
    </ClCompile>
    <ClCompile Include="eck\CDuiEdit.h">
      <Filter>ECK Include</Filter>
    </ClCompile>
    <ClCompile Include="eck\CDuiHeader.h">
      <Filter>ECK Include</Filter>
    </ClCompile>
    <ClCompile Include="eck\CDuiLabel.h">
      <Filter>ECK Include</Filter>
    </ClCompile>
    <ClCompile Include="eck\CDuiList.h">
      <Filter>ECK Include</Filter>
    </ClCompile>
    <ClCompile Include="eck\CDuiListTemplate.h">
      <Filter>ECK Include</Filter>
    </ClCompile>
    <ClCompile Include="eck\CDuiScrollBar.h">
      <Filter>ECK Include</Filter>
    </ClCompile>
    <ClCompile Include="eck\CDuiTabHeader.h">
      <Filter>ECK Include</Filter>
    </ClCompile>
    <ClCompile Include="eck\CDuiTabList.h">
      <Filter>ECK Include</Filter>
    </ClCompile>
    <ClCompile Include="eck\CDuiTitleBar.h">
      <Filter>ECK Include</Filter>
    </ClCompile>
    <ClCompile Include="eck\CDuiTrackBar.h">
      <Filter>ECK Include</Filter>
    </ClCompile>
    <ClCompile Include="eck\CDummyWindow.h">
      <Filter>ECK Include</Filter>
    </ClCompile>
    <ClCompile Include="eck\Alpc.h">
      <Filter>ECK Include</Filter>
    </ClCompile>
    <ClCompile Include="eck\AutoPtrDef.h">
      <Filter>ECK Include</Filter>
    </ClCompile>
    <ClCompile Include="eck\BaseN.h">
      <Filter>ECK Include</Filter>
    </ClCompile>
    <ClCompile Include="eck\CalcExp.h">
      <Filter>ECK Include</Filter>
    </ClCompile>
    <ClCompile Include="eck\CDwmWndPartMgr.h">
      <Filter>ECK Include</Filter>
    </ClCompile>
    <ClCompile Include="eck\CDWriteFontFactory.h">
      <Filter>ECK Include</Filter>
    </ClCompile>
    <ClCompile Include="eck\CEdit.h">
      <Filter>ECK Include</Filter>
    </ClCompile>
    <ClCompile Include="eck\CEditExt.h">
      <Filter>ECK Include</Filter>
    </ClCompile>
    <ClCompile Include="eck\CEditNc.h">
      <Filter>ECK Include</Filter>
    </ClCompile>
    <ClCompile Include="eck\CFileEnumerator.h">
      <Filter>ECK Include</Filter>
    </ClCompile>
    <ClCompile Include="eck\CEvent.h">
      <Filter>ECK Include</Filter>
    </ClCompile>
    <ClCompile Include="eck\CFile.h">
      <Filter>ECK Include</Filter>
    </ClCompile>
    <ClCompile Include="eck\CFlowLayout.h">
      <Filter>ECK Include</Filter>
    </ClCompile>
    <ClCompile Include="eck\CFontPicker.h">
      <Filter>ECK Include</Filter>
    </ClCompile>
    <ClCompile Include="eck\CForm.h">
      <Filter>ECK Include</Filter>
    </ClCompile>
    <ClCompile Include="eck\CFrameLayout.h">
      <Filter>ECK Include</Filter>
    </ClCompile>
    <ClCompile Include="eck\CGeometryBounds.h">
      <Filter>ECK Include</Filter>
    </ClCompile>
    <ClCompile Include="eck\CGeometryPath.h">
      <Filter>ECK Include</Filter>
    </ClCompile>
    <ClCompile Include="eck\CGeometrySinkOffsetTranformer.h">
      <Filter>ECK Include</Filter>
    </ClCompile>
    <ClCompile Include="eck\CHandleTable.h">
      <Filter>ECK Include</Filter>
    </ClCompile>
    <ClCompile Include="eck\CHeader.h">
      <Filter>ECK Include</Filter>
    </ClCompile>
    <ClCompile Include="eck\CHeaderExt.h">
      <Filter>ECK Include</Filter>
    </ClCompile>
    <ClCompile Include="eck\CHexEdit.h">
      <Filter>ECK Include</Filter>
    </ClCompile>
    <ClCompile Include="eck\CHitter.h">
      <Filter>ECK Include</Filter>
    </ClCompile>
    <ClCompile Include="eck\CHotKey.h">
      <Filter>ECK Include</Filter>
    </ClCompile>
    <ClCompile Include="eck\CHotKeyExt.h">
      <Filter>ECK Include</Filter>
    </ClCompile>
    <ClCompile Include="eck\CImageMat.h">
      <Filter>ECK Include</Filter>
    </ClCompile>
    <ClCompile Include="eck\CInertialScrollView.h">
      <Filter>ECK Include</Filter>
    </ClCompile>
    <ClCompile Include="eck\CIni.h">
      <Filter>ECK Include</Filter>
    </ClCompile>
    <ClCompile Include="eck\CIniExt.h">
      <Filter>ECK Include</Filter>
    </ClCompile>
    <ClCompile Include="eck\CInputBox.h">
      <Filter>ECK Include</Filter>
    </ClCompile>
    <ClCompile Include="eck\CIPEdit.h">
      <Filter>ECK Include</Filter>
    </ClCompile>
    <ClCompile Include="eck\CIPEditExt.h">
      <Filter>ECK Include</Filter>
    </ClCompile>
    <ClCompile Include="eck\CLabel.h">
      <Filter>ECK Include</Filter>
    </ClCompile>
    <ClCompile Include="eck\CLayoutBase.h">
      <Filter>ECK Include</Filter>
    </ClCompile>
    <ClCompile Include="eck\CLayoutDummy.h">
      <Filter>ECK Include</Filter>
    </ClCompile>
    <ClCompile Include="eck\CLinearLayout.h">
      <Filter>ECK Include</Filter>
    </ClCompile>
    <ClCompile Include="eck\CLink.h">
      <Filter>ECK Include</Filter>
    </ClCompile>
    <ClCompile Include="eck\ClipboardHelper.h">
      <Filter>ECK Include</Filter>
    </ClCompile>
    <ClCompile Include="eck\CListBox.h">
      <Filter>ECK Include</Filter>
    </ClCompile>
    <ClCompile Include="eck\CListBoxExt.h">
      <Filter>ECK Include</Filter>
    </ClCompile>
    <ClCompile Include="eck\CListBoxNew.h">
      <Filter>ECK Include</Filter>
    </ClCompile>
    <ClCompile Include="eck\CListView.h">
      <Filter>ECK Include</Filter>
    </ClCompile>
    <ClCompile Include="eck\CListViewExt.h">
      <Filter>ECK Include</Filter>
    </ClCompile>
    <ClCompile Include="eck\CLunarCalendar.h">
      <Filter>ECK Include</Filter>
    </ClCompile>
    <ClCompile Include="eck\CMediaPlayer.h">
      <Filter>ECK Include</Filter>
    </ClCompile>
    <ClCompile Include="eck\CMemorySet.h">
      <Filter>ECK Include</Filter>
    </ClCompile>
    <ClCompile Include="eck\MemWalker.h">
      <Filter>ECK Include</Filter>
    </ClCompile>
    <ClCompile Include="eck\CMenu.h">
      <Filter>ECK Include</Filter>
    </ClCompile>
    <ClCompile Include="eck\CMonthCalendar.h">
      <Filter>ECK Include</Filter>
    </ClCompile>
    <ClCompile Include="eck\CMessageBoxHook.h">
      <Filter>ECK Include</Filter>
    </ClCompile>
    <ClCompile Include="eck\CNtObject.h">
      <Filter>ECK Include</Filter>
    </ClCompile>
    <ClCompile Include="eck\CObject.h">
      <Filter>ECK Include</Filter>
    </ClCompile>
    <ClCompile Include="eck\CommDlg.h">
      <Filter>ECK Include</Filter>
    </ClCompile>
    <ClCompile Include="eck\Compress.h">
      <Filter>ECK Include</Filter>
    </ClCompile>
    <ClCompile Include="eck\ComPtr.h">
      <Filter>ECK Include</Filter>
    </ClCompile>
    <ClCompile Include="eck\ComServerHelper.h">
      <Filter>ECK Include</Filter>
    </ClCompile>
    <ClCompile Include="eck\ConsoleIo.h">
      <Filter>ECK Include</Filter>
    </ClCompile>
    <ClCompile Include="eck\CoroutineHelper.h">
      <Filter>ECK Include</Filter>
    </ClCompile>
    <ClCompile Include="eck\CPerspectiveCamera.h">
      <Filter>ECK Include</Filter>
    </ClCompile>
    <ClCompile Include="eck\CPictureBox.h">
      <Filter>ECK Include</Filter>
    </ClCompile>
    <ClCompile Include="eck\CProcessorUsage.h">
      <Filter>ECK Include</Filter>
    </ClCompile>
    <ClCompile Include="eck\CProgressBar.h">
      <Filter>ECK Include</Filter>
    </ClCompile>
    <ClCompile Include="eck\CPropertySheet.h">
      <Filter>ECK Include</Filter>
    </ClCompile>
    <ClCompile Include="eck\CQueueTimer.h">
      <Filter>ECK Include</Filter>
    </ClCompile>
    <ClCompile Include="eck\Crc.h">
      <Filter>ECK Include</Filter>
    </ClCompile>
    <ClCompile Include="eck\CRectPackSkyline.h">
      <Filter>ECK Include</Filter>
    </ClCompile>
    <ClCompile Include="eck\CRectPackTile.h">
      <Filter>ECK Include</Filter>
    </ClCompile>
    <ClCompile Include="eck\CByteBuffer.h">
      <Filter>ECK Include</Filter>
    </ClCompile>
    <ClCompile Include="eck\CByteBufferStream.h">
      <Filter>ECK Include</Filter>
    </ClCompile>
    <ClCompile Include="eck\CString.h">
      <Filter>ECK Include</Filter>
    </ClCompile>
    <ClCompile Include="eck\CRegion.h">
      <Filter>ECK Include</Filter>
    </ClCompile>
    <ClCompile Include="eck\CRegistryKey.h">
      <Filter>ECK Include</Filter>
    </ClCompile>
    <ClCompile Include="eck\CRichEdit.h">
      <Filter>ECK Include</Filter>
    </ClCompile>
    <ClCompile Include="eck\Crypt.h">
      <Filter>ECK Include</Filter>
    </ClCompile>
    <ClCompile Include="eck\CScrollBarHook.h">
      <Filter>ECK Include</Filter>
    </ClCompile>
    <ClCompile Include="eck\CScrollView.h">
      <Filter>ECK Include</Filter>
    </ClCompile>
    <ClCompile Include="eck\CSelectionRange.h">
      <Filter>ECK Include</Filter>
    </ClCompile>
    <ClCompile Include="eck\CSequenceIdGenerator.h">
      <Filter>ECK Include</Filter>
    </ClCompile>
    <ClCompile Include="eck\CSignal.h">
      <Filter>ECK Include</Filter>
    </ClCompile>
    <ClCompile Include="eck\CSplitBar.h">
      <Filter>ECK Include</Filter>
    </ClCompile>
    <ClCompile Include="eck\CSrwLock.h">
      <Filter>ECK Include</Filter>
    </ClCompile>
    <ClCompile Include="eck\CStatic.h">
      <Filter>ECK Include</Filter>
    </ClCompile>
    <ClCompile Include="eck\CStatusBar.h">
      <Filter>ECK Include</Filter>
    </ClCompile>
    <ClCompile Include="eck\CStreamView.h">
      <Filter>ECK Include</Filter>
    </ClCompile>
    <ClCompile Include="eck\CStreamWalker.h">
      <Filter>ECK Include</Filter>
    </ClCompile>
    <ClCompile Include="eck\CTab.h">
      <Filter>ECK Include</Filter>
    </ClCompile>
    <ClCompile Include="eck\CTableLayout.h">
      <Filter>ECK Include</Filter>
    </ClCompile>
    <ClCompile Include="eck\CTaskGroupList.h">
      <Filter>ECK Include</Filter>
    </ClCompile>
    <ClCompile Include="eck\CTimeIdGenerator.h">
      <Filter>ECK Include</Filter>
    </ClCompile>
    <ClCompile Include="eck\CToolBar.h">
      <Filter>ECK Include</Filter>
    </ClCompile>
    <ClCompile Include="eck\CToolTip.h">
      <Filter>ECK Include</Filter>
    </ClCompile>
    <ClCompile Include="eck\CTrackBar.h">
      <Filter>ECK Include</Filter>
    </ClCompile>
    <ClCompile Include="eck\CTrayIcon.h">
      <Filter>ECK Include</Filter>
    </ClCompile>
    <ClCompile Include="eck\CTreeList.h">
      <Filter>ECK Include</Filter>
    </ClCompile>
    <ClCompile Include="eck\CTreeListExt.h">
      <Filter>ECK Include</Filter>
    </ClCompile>
    <ClCompile Include="eck\CTreeView.h">
      <Filter>ECK Include</Filter>
    </ClCompile>
    <ClCompile Include="eck\CTrivialBuffer.h">
      <Filter>ECK Include</Filter>
    </ClCompile>
    <ClCompile Include="eck\CtrlGraphics.h">
      <Filter>ECK Include</Filter>
    </ClCompile>
    <ClCompile Include="eck\CUiAccess.h">
      <Filter>ECK Include</Filter>
    </ClCompile>
    <ClCompile Include="eck\CUninstallInfo.h">
      <Filter>ECK Include</Filter>
    </ClCompile>
    <ClCompile Include="eck\CUnknown.h">
      <Filter>ECK Include</Filter>
    </ClCompile>
    <ClCompile Include="eck\CUpDown.h">
      <Filter>ECK Include</Filter>
    </ClCompile>
    <ClCompile Include="eck\CWaitableObject.h">
      <Filter>ECK Include</Filter>
    </ClCompile>
    <ClCompile Include="eck\CWaitableTimer.h">
      <Filter>ECK Include</Filter>
    </ClCompile>
    <ClCompile Include="eck\CWindowPlacementStore.h">
      <Filter>ECK Include</Filter>
    </ClCompile>
    <ClCompile Include="eck\CWindow.h">
      <Filter>ECK Include</Filter>
    </ClCompile>
    <ClCompile Include="eck\DateTimeHelper.h">
      <Filter>ECK Include</Filter>
    </ClCompile>
    <ClCompile Include="eck\DDX.h">
      <Filter>ECK Include</Filter>
    </ClCompile>
    <ClCompile Include="eck\DistortImage.h">
      <Filter>ECK Include</Filter>
    </ClCompile>
    <ClCompile Include="eck\DlgTemplate.h">
      <Filter>ECK Include</Filter>
    </ClCompile>
    <ClCompile Include="eck\DpiApi.h">
      <Filter>ECK Include</Filter>
    </ClCompile>
    <ClCompile Include="eck\DuiBase.h">
      <Filter>ECK Include</Filter>
    </ClCompile>
    <ClCompile Include="eck\DuiCompositor.h">
      <Filter>ECK Include</Filter>
    </ClCompile>
    <ClCompile Include="eck\DuiCssParse.h">
      <Filter>ECK Include</Filter>
    </ClCompile>
    <ClCompile Include="eck\DuiCssTheme.h">
      <Filter>ECK Include</Filter>
    </ClCompile>
    <ClCompile Include="eck\DuiDef.h">
      <Filter>ECK Include</Filter>
    </ClCompile>
    <ClCompile Include="eck\DuiElemSizeBox.h">
      <Filter>ECK Include</Filter>
    </ClCompile>
    <ClCompile Include="eck\DuiStdCompositor.h">
      <Filter>ECK Include</Filter>
    </ClCompile>
    <ClCompile Include="eck\DuiStdTheme.h">
      <Filter>ECK Include</Filter>
    </ClCompile>
    <ClCompile Include="eck\DuiTheme.h">
      <Filter>ECK Include</Filter>
    </ClCompile>
    <ClCompile Include="eck\DwLayoutPath.h">
      <Filter>ECK Include</Filter>
    </ClCompile>
    <ClCompile Include="eck\EasingCurve.h">
      <Filter>ECK Include</Filter>
    </ClCompile>
    <ClCompile Include="eck\ECK.h">
      <Filter>ECK Include</Filter>
    </ClCompile>
    <ClCompile Include="eck\EncodingDetect.h">
      <Filter>ECK Include</Filter>
    </ClCompile>
    <ClCompile Include="eck\EnDeCode.h">
      <Filter>ECK Include</Filter>
    </ClCompile>
    <ClCompile Include="eck\Env.h">
      <Filter>ECK Include</Filter>
    </ClCompile>
    <ClCompile Include="eck\EzDx.h">
      <Filter>ECK Include</Filter>
    </ClCompile>
    <ClCompile Include="eck\FileHelper.h">
      <Filter>ECK Include</Filter>
    </ClCompile>
    <ClCompile Include="eck\GdipEffect.h">
      <Filter>ECK Include</Filter>
    </ClCompile>
    <ClCompile Include="eck\GeometryRender.h">
      <Filter>ECK Include</Filter>
    </ClCompile>
    <ClCompile Include="eck\GraphicsHelper.h">
      <Filter>ECK Include</Filter>
    </ClCompile>
    <ClCompile Include="eck\IGeometrySinkTransformer.h">
      <Filter>ECK Include</Filter>
    </ClCompile>
    <ClCompile Include="eck\ILayout.h">
      <Filter>ECK Include</Filter>
    </ClCompile>
    <ClCompile Include="eck\ImageHelper.h">
      <Filter>ECK Include</Filter>
    </ClCompile>
    <ClCompile Include="eck\IMemoryView.h">
      <Filter>ECK Include</Filter>
    </ClCompile>
    <ClCompile Include="eck\ISO8601Time.h">
      <Filter>ECK Include</Filter>
    </ClCompile>
    <ClCompile Include="eck\ITimeLine.h">
      <Filter>ECK Include</Filter>
    </ClCompile>
    <ClCompile Include="eck\Json.h">
      <Filter>ECK Include</Filter>
    </ClCompile>
    <ClCompile Include="eck\KwConvexPolygon.h">
      <Filter>ECK Include</Filter>
    </ClCompile>
    <ClCompile Include="eck\KwDef.h">
      <Filter>ECK Include</Filter>
    </ClCompile>
    <ClCompile Include="eck\KwDwTextRenderer.h">
      <Filter>ECK Include</Filter>
    </ClCompile>
    <ClCompile Include="eck\KwFlatten.h">
      <Filter>ECK Include</Filter>
    </ClCompile>
    <ClCompile Include="eck\KwFontAtlasManager.h">
      <Filter>ECK Include</Filter>
    </ClCompile>
    <ClCompile Include="eck\KwLinearGradient.h">
      <Filter>ECK Include</Filter>
    </ClCompile>
    <ClCompile Include="eck\KwMirroredAtlas.h">
      <Filter>ECK Include</Filter>
    </ClCompile>
    <ClCompile Include="eck\KwMirroredTexture.h">
      <Filter>ECK Include</Filter>
    </ClCompile>
    <ClCompile Include="eck\LocaleStringUtility.h">
      <Filter>ECK Include</Filter>
    </ClCompile>
    <ClCompile Include="eck\LunarDateLib.h">
      <Filter>ECK Include</Filter>
    </ClCompile>
    <ClCompile Include="eck\LunarDateTimeHelper.h">
      <Filter>ECK Include</Filter>
    </ClCompile>
    <ClCompile Include="eck\Lyric.h">
      <Filter>ECK Include</Filter>
    </ClCompile>
    <ClCompile Include="eck\LyricCrypt.h">
      <Filter>ECK Include</Filter>
    </ClCompile>
    <ClCompile Include="eck\MathHelper.h">
      <Filter>ECK Include</Filter>
    </ClCompile>
    <ClCompile Include="eck\MediaTag.h">
      <Filter>ECK Include</Filter>
    </ClCompile>
    <ClCompile Include="eck\MediaTagApe.h">
      <Filter>ECK Include</Filter>
    </ClCompile>
    <ClCompile Include="eck\MediaTagFlac.h">
      <Filter>ECK Include</Filter>
    </ClCompile>
    <ClCompile Include="eck\MediaTagID3v1.h">
      <Filter>ECK Include</Filter>
    </ClCompile>
    <ClCompile Include="eck\MediaTagID3v2.h">
      <Filter>ECK Include</Filter>
    </ClCompile>
    <ClCompile Include="eck\MediaTagMpeg.h">
      <Filter>ECK Include</Filter>
    </ClCompile>
    <ClCompile Include="eck\MemUtility.h">
      <Filter>ECK Include</Filter>
    </ClCompile>
    <ClCompile Include="eck\MultiFrameImage.h">
      <Filter>ECK Include</Filter>
    </ClCompile>
    <ClCompile Include="eck\NativeWrapper.h">
      <Filter>ECK Include</Filter>
    </ClCompile>
    <ClCompile Include="eck\NetworkHelper.h">
      <Filter>ECK Include</Filter>
    </ClCompile>
    <ClCompile Include="eck\ObjectAttribute.h">
      <Filter>ECK Include</Filter>
    </ClCompile>
    <ClCompile Include="eck\PathUtility.h">
      <Filter>ECK Include</Filter>
    </ClCompile>
    <ClCompile Include="eck\PchInc.h">
      <Filter>ECK Include</Filter>
    </ClCompile>
    <ClCompile Include="eck\PhysicalDriveId.h">
      <Filter>ECK Include</Filter>
    </ClCompile>
    <ClCompile Include="eck\PrivateApi.h">
      <Filter>ECK Include</Filter>
    </ClCompile>
    <ClCompile Include="eck\ProcModule.h">
      <Filter>ECK Include</Filter>
    </ClCompile>
    <ClCompile Include="eck\ProcThrdHelper.h">
      <Filter>ECK Include</Filter>
    </ClCompile>
    <ClCompile Include="eck\Random.h">
      <Filter>ECK Include</Filter>
    </ClCompile>
    <ClCompile Include="eck\RectTraits.h">
      <Filter>ECK Include</Filter>
    </ClCompile>
    <ClCompile Include="eck\RefPtr.h">
      <Filter>ECK Include</Filter>
    </ClCompile>
    <ClCompile Include="eck\ShellHelper.h">
      <Filter>ECK Include</Filter>
    </ClCompile>
    <ClCompile Include="eck\ShellMenuInfo.h">
      <Filter>ECK Include</Filter>
    </ClCompile>
    <ClCompile Include="eck\Snapshot.h">
      <Filter>ECK Include</Filter>
    </ClCompile>
    <ClCompile Include="eck\StringConvert.h">
      <Filter>ECK Include</Filter>
    </ClCompile>
    <ClCompile Include="eck\StringUtility.h">
      <Filter>ECK Include</Filter>
    </ClCompile>
    <ClCompile Include="eck\SymbolHelper.h">
      <Filter>ECK Include</Filter>
    </ClCompile>
    <ClCompile Include="eck\SystemHelper.h">
      <Filter>ECK Include</Filter>
    </ClCompile>
    <ClCompile Include="eck\TextSrvDef.h">
      <Filter>ECK Include</Filter>
    </ClCompile>
    <ClCompile Include="eck\ThreadPool.h">
      <Filter>ECK Include</Filter>
    </ClCompile>
    <ClCompile Include="eck\Utility.h">
      <Filter>ECK Include</Filter>
    </ClCompile>
    <ClCompile Include="eck\Utility2.h">
      <Filter>ECK Include</Filter>
    </ClCompile>
    <ClCompile Include="eck\WinRtD2DInteropFx.h">
      <Filter>ECK Include</Filter>
    </ClCompile>
    <ClCompile Include="eck\WinRtDCompInterop.h">
      <Filter>ECK Include</Filter>
    </ClCompile>
    <ClCompile Include="eck\WinUiBuilder.h">
      <Filter>ECK Include</Filter>
    </ClCompile>
    <ClCompile Include="eck\WndHelper.h">
      <Filter>ECK Include</Filter>
    </ClCompile>
  </ItemGroup>
  <ItemGroup>
    <ResourceCompile Include="Win32Template.rc">
      <Filter>资源文件</Filter>
    </ResourceCompile>
  </ItemGroup>
  <ItemGroup>
    <None Include="cpp.hint" />
  </ItemGroup>
</Project>