
Microsoft Visual Studio Solution File, Format Version 12.00
# Visual Studio Version 18
VisualStudioVersion = 18.0.11123.170
MinimumVisualStudioVersion = 10.0.40219.1
Project("{8BC9CEB8-8B4A-11D0-8D11-00A0C91BC942}") = "WinEzCtrlKit", "WinEzCtrlKit.vcxproj", "{E2596DD5-59F7-44BC-A10F-548F6D1E7A38}"
EndProject
Project("{8BC9CEB8-8B4A-11D0-8D11-00A0C91BC942}") = "WndDesigner", "WndDesigner\WndDesigner.vcxproj", "{557A1CA2-B455-4BDD-8826-664EB84C5F97}"
EndProject
Project("{8BC9CEB8-8B4A-11D0-8D11-00A0C91BC942}") = "ThirdPartyLib", "ThirdPartyLib\ThirdPartyLib.vcxproj", "{C6470B39-C823-47EA-A8DD-C582A73DD726}"
EndProject
Project("{8BC9CEB8-8B4A-11D0-8D11-00A0C91BC942}") = "EckDuiTemplate", "EckDuiTemplate\EckDuiTemplate.vcxproj", "{9E7BCF4B-799E-444B-BCB6-0F00A2E83840}"
EndProject
Project("{8BC9CEB8-8B4A-11D0-8D11-00A0C91BC942}") = "EckConsoleTemplate", "EckConsoleTemplate\EckConsoleTemplate.vcxproj", "{3E978D82-FDD1-4E73-95D8-F7F50AC52DF2}"
EndProject
Project("{8BC9CEB8-8B4A-11D0-8D11-00A0C91BC942}") = "UnitTest", "UnitTest\UnitTest.vcxproj", "{1723FD3C-92BD-E27E-67A3-92BABFB90E1A}"
EndProject
Project("{8BC9CEB8-8B4A-11D0-8D11-00A0C91BC942}") = "EckTemplate", "EckTemplate\EckTemplate.vcxproj", "{BD5AE098-1C5A-48BC-8CCD-26F78FF503E9}"
EndProject
Global
	GlobalSection(SolutionConfigurationPlatforms) = preSolution
		Debug|ARM64 = Debug|ARM64
		Debug|x64 = Debug|x64
		Debug|x86 = Debug|x86
		MdDebug|ARM64 = MdDebug|ARM64
		MdDebug|x64 = MdDebug|x64
		MdDebug|x86 = MdDebug|x86
		MdRelease|ARM64 = MdRelease|ARM64
		MdRelease|x64 = MdRelease|x64
		MdRelease|x86 = MdRelease|x86
		Release|ARM64 = Release|ARM64
		Release|x64 = Release|x64
		Release|x86 = Release|x86
	EndGlobalSection
	GlobalSection(ProjectConfigurationPlatforms) = postSolution
		{E2596DD5-59F7-44BC-A10F-548F6D1E7A38}.Debug|ARM64.ActiveCfg = Debug|x64
		{E2596DD5-59F7-44BC-A10F-548F6D1E7A38}.Debug|ARM64.Build.0 = Debug|x64
		{E2596DD5-59F7-44BC-A10F-548F6D1E7A38}.Debug|x64.ActiveCfg = Debug|x64
		{E2596DD5-59F7-44BC-A10F-548F6D1E7A38}.Debug|x64.Build.0 = Debug|x64
		{E2596DD5-59F7-44BC-A10F-548F6D1E7A38}.Debug|x86.ActiveCfg = Debug|Win32
		{E2596DD5-59F7-44BC-A10F-548F6D1E7A38}.Debug|x86.Build.0 = Debug|Win32
		{E2596DD5-59F7-44BC-A10F-548F6D1E7A38}.MdDebug|ARM64.ActiveCfg = Debug|x64
		{E2596DD5-59F7-44BC-A10F-548F6D1E7A38}.MdDebug|ARM64.Build.0 = Debug|x64
		{E2596DD5-59F7-44BC-A10F-548F6D1E7A38}.MdDebug|x64.ActiveCfg = Debug|x64
		{E2596DD5-59F7-44BC-A10F-548F6D1E7A38}.MdDebug|x64.Build.0 = Debug|x64
		{E2596DD5-59F7-44BC-A10F-548F6D1E7A38}.MdDebug|x86.ActiveCfg = Debug|Win32
		{E2596DD5-59F7-44BC-A10F-548F6D1E7A38}.MdDebug|x86.Build.0 = Debug|Win32
		{E2596DD5-59F7-44BC-A10F-548F6D1E7A38}.MdRelease|ARM64.ActiveCfg = Release|x64
		{E2596DD5-59F7-44BC-A10F-548F6D1E7A38}.MdRelease|ARM64.Build.0 = Release|x64
		{E2596DD5-59F7-44BC-A10F-548F6D1E7A38}.MdRelease|x64.ActiveCfg = Release|x64
		{E2596DD5-59F7-44BC-A10F-548F6D1E7A38}.MdRelease|x64.Build.0 = Release|x64
		{E2596DD5-59F7-44BC-A10F-548F6D1E7A38}.MdRelease|x86.ActiveCfg = Release|Win32
		{E2596DD5-59F7-44BC-A10F-548F6D1E7A38}.MdRelease|x86.Build.0 = Release|Win32
		{E2596DD5-59F7-44BC-A10F-548F6D1E7A38}.Release|ARM64.ActiveCfg = Release|x64
		{E2596DD5-59F7-44BC-A10F-548F6D1E7A38}.Release|ARM64.Build.0 = Release|x64
		{E2596DD5-59F7-44BC-A10F-548F6D1E7A38}.Release|x64.ActiveCfg = Release|x64
		{E2596DD5-59F7-44BC-A10F-548F6D1E7A38}.Release|x64.Build.0 = Release|x64
		{E2596DD5-59F7-44BC-A10F-548F6D1E7A38}.Release|x86.ActiveCfg = Release|Win32
		{E2596DD5-59F7-44BC-A10F-548F6D1E7A38}.Release|x86.Build.0 = Release|Win32
		{557A1CA2-B455-4BDD-8826-664EB84C5F97}.Debug|ARM64.ActiveCfg = Debug|x64
		{557A1CA2-B455-4BDD-8826-664EB84C5F97}.Debug|ARM64.Build.0 = Debug|x64
		{557A1CA2-B455-4BDD-8826-664EB84C5F97}.Debug|x64.ActiveCfg = Debug|x64
		{557A1CA2-B455-4BDD-8826-664EB84C5F97}.Debug|x64.Build.0 = Debug|x64
		{557A1CA2-B455-4BDD-8826-664EB84C5F97}.Debug|x86.ActiveCfg = Debug|Win32
		{557A1CA2-B455-4BDD-8826-664EB84C5F97}.Debug|x86.Build.0 = Debug|Win32
		{557A1CA2-B455-4BDD-8826-664EB84C5F97}.MdDebug|ARM64.ActiveCfg = Debug|x64
		{557A1CA2-B455-4BDD-8826-664EB84C5F97}.MdDebug|ARM64.Build.0 = Debug|x64
		{557A1CA2-B455-4BDD-8826-664EB84C5F97}.MdDebug|x64.ActiveCfg = Debug|x64
		{557A1CA2-B455-4BDD-8826-664EB84C5F97}.MdDebug|x64.Build.0 = Debug|x64
		{557A1CA2-B455-4BDD-8826-664EB84C5F97}.MdDebug|x86.ActiveCfg = Debug|Win32
		{557A1CA2-B455-4BDD-8826-664EB84C5F97}.MdDebug|x86.Build.0 = Debug|Win32
		{557A1CA2-B455-4BDD-8826-664EB84C5F97}.MdRelease|ARM64.ActiveCfg = Release|x64
		{557A1CA2-B455-4BDD-8826-664EB84C5F97}.MdRelease|ARM64.Build.0 = Release|x64
		{557A1CA2-B455-4BDD-8826-664EB84C5F97}.MdRelease|x64.ActiveCfg = Release|x64
		{557A1CA2-B455-4BDD-8826-664EB84C5F97}.MdRelease|x64.Build.0 = Release|x64
		{557A1CA2-B455-4BDD-8826-664EB84C5F97}.MdRelease|x86.ActiveCfg = Release|Win32
		{557A1CA2-B455-4BDD-8826-664EB84C5F97}.MdRelease|x86.Build.0 = Release|Win32
		{557A1CA2-B455-4BDD-8826-664EB84C5F97}.Release|ARM64.ActiveCfg = Release|x64
		{557A1CA2-B455-4BDD-8826-664EB84C5F97}.Release|ARM64.Build.0 = Release|x64
		{557A1CA2-B455-4BDD-8826-664EB84C5F97}.Release|x64.ActiveCfg = Release|x64
		{557A1CA2-B455-4BDD-8826-664EB84C5F97}.Release|x64.Build.0 = Release|x64
		{557A1CA2-B455-4BDD-8826-664EB84C5F97}.Release|x86.ActiveCfg = Release|Win32
		{557A1CA2-B455-4BDD-8826-664EB84C5F97}.Release|x86.Build.0 = Release|Win32
		{C6470B39-C823-47EA-A8DD-C582A73DD726}.Debug|ARM64.ActiveCfg = MtDebug|ARM64
		{C6470B39-C823-47EA-A8DD-C582A73DD726}.Debug|ARM64.Build.0 = MtDebug|ARM64
		{C6470B39-C823-47EA-A8DD-C582A73DD726}.Debug|x64.ActiveCfg = MtDebug|x64
		{C6470B39-C823-47EA-A8DD-C582A73DD726}.Debug|x64.Build.0 = MtDebug|x64
		{C6470B39-C823-47EA-A8DD-C582A73DD726}.Debug|x86.ActiveCfg = MtDebug|Win32
		{C6470B39-C823-47EA-A8DD-C582A73DD726}.Debug|x86.Build.0 = MtDebug|Win32
		{C6470B39-C823-47EA-A8DD-C582A73DD726}.MdDebug|ARM64.ActiveCfg = MdDebug|ARM64
		{C6470B39-C823-47EA-A8DD-C582A73DD726}.MdDebug|ARM64.Build.0 = MdDebug|ARM64
		{C6470B39-C823-47EA-A8DD-C582A73DD726}.MdDebug|x64.ActiveCfg = MdDebug|x64
		{C6470B39-C823-47EA-A8DD-C582A73DD726}.MdDebug|x64.Build.0 = MdDebug|x64
		{C6470B39-C823-47EA-A8DD-C582A73DD726}.MdDebug|x86.ActiveCfg = MdDebug|Win32
		{C6470B39-C823-47EA-A8DD-C582A73DD726}.MdDebug|x86.Build.0 = MdDebug|Win32
		{C6470B39-C823-47EA-A8DD-C582A73DD726}.MdRelease|ARM64.ActiveCfg = MdRelease|ARM64
		{C6470B39-C823-47EA-A8DD-C582A73DD726}.MdRelease|ARM64.Build.0 = MdRelease|ARM64
		{C6470B39-C823-47EA-A8DD-C582A73DD726}.MdRelease|x64.ActiveCfg = MdRelease|x64
		{C6470B39-C823-47EA-A8DD-C582A73DD726}.MdRelease|x64.Build.0 = MdRelease|x64
		{C6470B39-C823-47EA-A8DD-C582A73DD726}.MdRelease|x86.ActiveCfg = MdRelease|Win32
		{C6470B39-C823-47EA-A8DD-C582A73DD726}.MdRelease|x86.Build.0 = MdRelease|Win32
		{C6470B39-C823-47EA-A8DD-C582A73DD726}.Release|ARM64.ActiveCfg = MtRelease|ARM64
		{C6470B39-C823-47EA-A8DD-C582A73DD726}.Release|ARM64.Build.0 = MtRelease|ARM64
		{C6470B39-C823-47EA-A8DD-C582A73DD726}.Release|x64.ActiveCfg = MtRelease|x64
		{C6470B39-C823-47EA-A8DD-C582A73DD726}.Release|x64.Build.0 = MtRelease|x64
		{C6470B39-C823-47EA-A8DD-C582A73DD726}.Release|x86.ActiveCfg = MtRelease|Win32
		{C6470B39-C823-47EA-A8DD-C582A73DD726}.Release|x86.Build.0 = MtRelease|Win32
		{9E7BCF4B-799E-444B-BCB6-0F00A2E83840}.Debug|ARM64.ActiveCfg = Debug|x64
		{9E7BCF4B-799E-444B-BCB6-0F00A2E83840}.Debug|ARM64.Build.0 = Debug|x64
		{9E7BCF4B-799E-444B-BCB6-0F00A2E83840}.Debug|x64.ActiveCfg = Debug|x64
		{9E7BCF4B-799E-444B-BCB6-0F00A2E83840}.Debug|x64.Build.0 = Debug|x64
		{9E7BCF4B-799E-444B-BCB6-0F00A2E83840}.Debug|x86.ActiveCfg = Debug|Win32
		{9E7BCF4B-799E-444B-BCB6-0F00A2E83840}.Debug|x86.Build.0 = Debug|Win32
		{9E7BCF4B-799E-444B-BCB6-0F00A2E83840}.MdDebug|ARM64.ActiveCfg = Debug|x64
		{9E7BCF4B-799E-444B-BCB6-0F00A2E83840}.MdDebug|ARM64.Build.0 = Debug|x64
		{9E7BCF4B-799E-444B-BCB6-0F00A2E83840}.MdDebug|x64.ActiveCfg = Debug|x64
		{9E7BCF4B-799E-444B-BCB6-0F00A2E83840}.MdDebug|x64.Build.0 = Debug|x64
		{9E7BCF4B-799E-444B-BCB6-0F00A2E83840}.MdDebug|x86.ActiveCfg = Debug|Win32
		{9E7BCF4B-799E-444B-BCB6-0F00A2E83840}.MdDebug|x86.Build.0 = Debug|Win32
		{9E7BCF4B-799E-444B-BCB6-0F00A2E83840}.MdRelease|ARM64.ActiveCfg = Release|x64
		{9E7BCF4B-799E-444B-BCB6-0F00A2E83840}.MdRelease|ARM64.Build.0 = Release|x64
		{9E7BCF4B-799E-444B-BCB6-0F00A2E83840}.MdRelease|x64.ActiveCfg = Release|x64
		{9E7BCF4B-799E-444B-BCB6-0F00A2E83840}.MdRelease|x64.Build.0 = Release|x64
		{9E7BCF4B-799E-444B-BCB6-0F00A2E83840}.MdRelease|x86.ActiveCfg = Release|Win32
		{9E7BCF4B-799E-444B-BCB6-0F00A2E83840}.MdRelease|x86.Build.0 = Release|Win32
		{9E7BCF4B-799E-444B-BCB6-0F00A2E83840}.Release|ARM64.ActiveCfg = Release|x64
		{9E7BCF4B-799E-444B-BCB6-0F00A2E83840}.Release|ARM64.Build.0 = Release|x64
		{9E7BCF4B-799E-444B-BCB6-0F00A2E83840}.Release|x64.ActiveCfg = Release|x64
		{9E7BCF4B-799E-444B-BCB6-0F00A2E83840}.Release|x64.Build.0 = Release|x64
		{9E7BCF4B-799E-444B-BCB6-0F00A2E83840}.Release|x86.ActiveCfg = Release|Win32
		{9E7BCF4B-799E-444B-BCB6-0F00A2E83840}.Release|x86.Build.0 = Release|Win32
		{3E978D82-FDD1-4E73-95D8-F7F50AC52DF2}.Debug|ARM64.ActiveCfg = Debug|x64
		{3E978D82-FDD1-4E73-95D8-F7F50AC52DF2}.Debug|ARM64.Build.0 = Debug|x64
		{3E978D82-FDD1-4E73-95D8-F7F50AC52DF2}.Debug|x64.ActiveCfg = Debug|x64
		{3E978D82-FDD1-4E73-95D8-F7F50AC52DF2}.Debug|x64.Build.0 = Debug|x64
		{3E978D82-FDD1-4E73-95D8-F7F50AC52DF2}.Debug|x86.ActiveCfg = Debug|Win32
		{3E978D82-FDD1-4E73-95D8-F7F50AC52DF2}.Debug|x86.Build.0 = Debug|Win32
		{3E978D82-FDD1-4E73-95D8-F7F50AC52DF2}.MdDebug|ARM64.ActiveCfg = Debug|x64
		{3E978D82-FDD1-4E73-95D8-F7F50AC52DF2}.MdDebug|ARM64.Build.0 = Debug|x64
		{3E978D82-FDD1-4E73-95D8-F7F50AC52DF2}.MdDebug|x64.ActiveCfg = Debug|x64
		{3E978D82-FDD1-4E73-95D8-F7F50AC52DF2}.MdDebug|x64.Build.0 = Debug|x64
		{3E978D82-FDD1-4E73-95D8-F7F50AC52DF2}.MdDebug|x86.ActiveCfg = Debug|Win32
		{3E978D82-FDD1-4E73-95D8-F7F50AC52DF2}.MdDebug|x86.Build.0 = Debug|Win32
		{3E978D82-FDD1-4E73-95D8-F7F50AC52DF2}.MdRelease|ARM64.ActiveCfg = Release|x64
		{3E978D82-FDD1-4E73-95D8-F7F50AC52DF2}.MdRelease|ARM64.Build.0 = Release|x64
		{3E978D82-FDD1-4E73-95D8-F7F50AC52DF2}.MdRelease|x64.ActiveCfg = Release|x64
		{3E978D82-FDD1-4E73-95D8-F7F50AC52DF2}.MdRelease|x64.Build.0 = Release|x64
		{3E978D82-FDD1-4E73-95D8-F7F50AC52DF2}.MdRelease|x86.ActiveCfg = Release|Win32
		{3E978D82-FDD1-4E73-95D8-F7F50AC52DF2}.MdRelease|x86.Build.0 = Release|Win32
		{3E978D82-FDD1-4E73-95D8-F7F50AC52DF2}.Release|ARM64.ActiveCfg = Release|x64
		{3E978D82-FDD1-4E73-95D8-F7F50AC52DF2}.Release|ARM64.Build.0 = Release|x64
		{3E978D82-FDD1-4E73-95D8-F7F50AC52DF2}.Release|x64.ActiveCfg = Release|x64
		{3E978D82-FDD1-4E73-95D8-F7F50AC52DF2}.Release|x64.Build.0 = Release|x64
		{3E978D82-FDD1-4E73-95D8-F7F50AC52DF2}.Release|x86.ActiveCfg = Release|Win32
		{3E978D82-FDD1-4E73-95D8-F7F50AC52DF2}.Release|x86.Build.0 = Release|Win32
		{1723FD3C-92BD-E27E-67A3-92BABFB90E1A}.Debug|ARM64.ActiveCfg = Debug|x64
		{1723FD3C-92BD-E27E-67A3-92BABFB90E1A}.Debug|ARM64.Build.0 = Debug|x64
		{1723FD3C-92BD-E27E-67A3-92BABFB90E1A}.Debug|x64.ActiveCfg = Debug|x64
		{1723FD3C-92BD-E27E-67A3-92BABFB90E1A}.Debug|x64.Build.0 = Debug|x64
		{1723FD3C-92BD-E27E-67A3-92BABFB90E1A}.Debug|x86.ActiveCfg = Debug|Win32
		{1723FD3C-92BD-E27E-67A3-92BABFB90E1A}.Debug|x86.Build.0 = Debug|Win32
		{1723FD3C-92BD-E27E-67A3-92BABFB90E1A}.MdDebug|ARM64.ActiveCfg = Debug|x64
		{1723FD3C-92BD-E27E-67A3-92BABFB90E1A}.MdDebug|ARM64.Build.0 = Debug|x64
		{1723FD3C-92BD-E27E-67A3-92BABFB90E1A}.MdDebug|x64.ActiveCfg = Debug|x64
		{1723FD3C-92BD-E27E-67A3-92BABFB90E1A}.MdDebug|x64.Build.0 = Debug|x64
		{1723FD3C-92BD-E27E-67A3-92BABFB90E1A}.MdDebug|x86.ActiveCfg = Debug|Win32
		{1723FD3C-92BD-E27E-67A3-92BABFB90E1A}.MdDebug|x86.Build.0 = Debug|Win32
		{1723FD3C-92BD-E27E-67A3-92BABFB90E1A}.MdRelease|ARM64.ActiveCfg = Release|x64
		{1723FD3C-92BD-E27E-67A3-92BABFB90E1A}.MdRelease|ARM64.Build.0 = Release|x64
		{1723FD3C-92BD-E27E-67A3-92BABFB90E1A}.MdRelease|x64.ActiveCfg = Release|x64
		{1723FD3C-92BD-E27E-67A3-92BABFB90E1A}.MdRelease|x64.Build.0 = Release|x64
		{1723FD3C-92BD-E27E-67A3-92BABFB90E1A}.MdRelease|x86.ActiveCfg = Release|Win32
		{1723FD3C-92BD-E27E-67A3-92BABFB90E1A}.MdRelease|x86.Build.0 = Release|Win32
		{1723FD3C-92BD-E27E-67A3-92BABFB90E1A}.Release|ARM64.ActiveCfg = Release|x64
		{1723FD3C-92BD-E27E-67A3-92BABFB90E1A}.Release|ARM64.Build.0 = Release|x64
		{1723FD3C-92BD-E27E-67A3-92BABFB90E1A}.Release|x64.ActiveCfg = Release|x64
		{1723FD3C-92BD-E27E-67A3-92BABFB90E1A}.Release|x64.Build.0 = Release|x64
		{1723FD3C-92BD-E27E-67A3-92BABFB90E1A}.Release|x86.ActiveCfg = Release|Win32
		{1723FD3C-92BD-E27E-67A3-92BABFB90E1A}.Release|x86.Build.0 = Release|Win32
		{BD5AE098-1C5A-48BC-8CCD-26F78FF503E9}.Debug|ARM64.ActiveCfg = Debug|x64
		{BD5AE098-1C5A-48BC-8CCD-26F78FF503E9}.Debug|ARM64.Build.0 = Debug|x64
		{BD5AE098-1C5A-48BC-8CCD-26F78FF503E9}.Debug|x64.ActiveCfg = Debug|x64
		{BD5AE098-1C5A-48BC-8CCD-26F78FF503E9}.Debug|x64.Build.0 = Debug|x64
		{BD5AE098-1C5A-48BC-8CCD-26F78FF503E9}.Debug|x86.ActiveCfg = Debug|Win32
		{BD5AE098-1C5A-48BC-8CCD-26F78FF503E9}.Debug|x86.Build.0 = Debug|Win32
		{BD5AE098-1C5A-48BC-8CCD-26F78FF503E9}.MdDebug|ARM64.ActiveCfg = Debug|x64
		{BD5AE098-1C5A-48BC-8CCD-26F78FF503E9}.MdDebug|ARM64.Build.0 = Debug|x64
		{BD5AE098-1C5A-48BC-8CCD-26F78FF503E9}.MdDebug|x64.ActiveCfg = Debug|x64
		{BD5AE098-1C5A-48BC-8CCD-26F78FF503E9}.MdDebug|x64.Build.0 = Debug|x64
		{BD5AE098-1C5A-48BC-8CCD-26F78FF503E9}.MdDebug|x86.ActiveCfg = Debug|Win32
		{BD5AE098-1C5A-48BC-8CCD-26F78FF503E9}.MdDebug|x86.Build.0 = Debug|Win32
		{BD5AE098-1C5A-48BC-8CCD-26F78FF503E9}.MdRelease|ARM64.ActiveCfg = Release|x64
		{BD5AE098-1C5A-48BC-8CCD-26F78FF503E9}.MdRelease|ARM64.Build.0 = Release|x64
		{BD5AE098-1C5A-48BC-8CCD-26F78FF503E9}.MdRelease|x64.ActiveCfg = Release|x64
		{BD5AE098-1C5A-48BC-8CCD-26F78FF503E9}.MdRelease|x64.Build.0 = Release|x64
		{BD5AE098-1C5A-48BC-8CCD-26F78FF503E9}.MdRelease|x86.ActiveCfg = Release|Win32
		{BD5AE098-1C5A-48BC-8CCD-26F78FF503E9}.MdRelease|x86.Build.0 = Release|Win32
		{BD5AE098-1C5A-48BC-8CCD-26F78FF503E9}.Release|ARM64.ActiveCfg = Release|x64
		{BD5AE098-1C5A-48BC-8CCD-26F78FF503E9}.Release|ARM64.Build.0 = Release|x64
		{BD5AE098-1C5A-48BC-8CCD-26F78FF503E9}.Release|x64.ActiveCfg = Release|x64
		{BD5AE098-1C5A-48BC-8CCD-26F78FF503E9}.Release|x64.Build.0 = Release|x64
		{BD5AE098-1C5A-48BC-8CCD-26F78FF503E9}.Release|x86.ActiveCfg = Release|Win32
		{BD5AE098-1C5A-48BC-8CCD-26F78FF503E9}.Release|x86.Build.0 = Release|Win32
	EndGlobalSection
	GlobalSection(SolutionProperties) = preSolution
		HideSolutionNode = FALSE
	EndGlobalSection
	GlobalSection(ExtensibilityGlobals) = postSolution
		SolutionGuid = {4F8B58D6-A257-468C-A3C3-30B0BE915C74}
	EndGlobalSection
EndGlobal
