<?xml version="1.0" encoding="utf-8"?>
<Project ToolsVersion="4.0" xmlns="http://schemas.microsoft.com/developer/msbuild/2003">
  <ItemGroup>
    <Filter Include="源文件">
      <UniqueIdentifier>{4FC737F1-C7A5-4376-A066-2A32D752A2FF}</UniqueIdentifier>
      <Extensions>cpp;c;cc;cxx;c++;cppm;ixx;def;odl;idl;hpj;bat;asm;asmx</Extensions>
    </Filter>
    <Filter Include="头文件">
      <UniqueIdentifier>{93995380-89BD-4b04-88EB-625FBE52EBFB}</UniqueIdentifier>
      <Extensions>h;hh;hpp;hxx;h++;hm;inl;inc;ipp;xsd</Extensions>
    </Filter>
    <Filter Include="资源文件">
      <UniqueIdentifier>{67DA6AB6-F800-4c08-8B7A-83BB121AAD01}</UniqueIdentifier>
      <Extensions>rc;ico;cur;bmp;dlg;rc2;rct;bin;rgs;gif;jpg;jpeg;jpe;resx;tiff;tif;png;wav;mfcribbon-ms</Extensions>
    </Filter>
    <Filter Include="窗口">
      <UniqueIdentifier>{ada019c8-b005-4ca8-8101-8e37b799f5fa}</UniqueIdentifier>
    </Filter>
    <Filter Include="程序">
      <UniqueIdentifier>{ab1e36a6-b5a7-4f53-bba3-38201f337ede}</UniqueIdentifier>
    </Filter>
    <Filter Include="逻辑">
      <UniqueIdentifier>{51e0e751-cf94-4d8c-b2e8-81a829013b32}</UniqueIdentifier>
    </Filter>
  </ItemGroup>
  <ItemGroup>
    <ClInclude Include="targetver.h">
      <Filter>头文件</Filter>
    </ClInclude>
    <ClInclude Include="Resource.h">
      <Filter>头文件</Filter>
    </ClInclude>
    <ClInclude Include="Utils.h">
      <Filter>头文件</Filter>
    </ClInclude>
    <ClInclude Include="CWndMain.h">
      <Filter>窗口</Filter>
    </ClInclude>
    <ClInclude Include="pch.h">
      <Filter>程序</Filter>
    </ClInclude>
    <ClInclude Include="CProject.h">
      <Filter>逻辑</Filter>
    </ClInclude>
    <ClInclude Include="CApp.h">
      <Filter>程序</Filter>
    </ClInclude>
    <ClInclude Include="CWndWork.h">
      <Filter>逻辑</Filter>
    </ClInclude>
    <ClInclude Include="CWndSelectOverlay.h">
      <Filter>逻辑</Filter>
    </ClInclude>
    <ClInclude Include="BuiltinControl.h">
      <Filter>程序</Filter>
    </ClInclude>
  </ItemGroup>
  <ItemGroup>
    <ClCompile Include="CWndMain.cpp">
      <Filter>窗口</Filter>
    </ClCompile>
    <ClCompile Include="Entry.cpp">
      <Filter>程序</Filter>
    </ClCompile>
    <ClCompile Include="MyEck.cpp">
      <Filter>程序</Filter>
    </ClCompile>
    <ClCompile Include="pch.cpp">
      <Filter>程序</Filter>
    </ClCompile>
    <ClCompile Include="Utils.cpp">
      <Filter>源文件</Filter>
    </ClCompile>
    <ClCompile Include="CProject.cpp">
      <Filter>逻辑</Filter>
    </ClCompile>
    <ClCompile Include="CApp.cpp">
      <Filter>程序</Filter>
    </ClCompile>
    <ClCompile Include="CWndWork.cpp">
      <Filter>逻辑</Filter>
    </ClCompile>
    <ClCompile Include="CWndSelectOverlay.cpp">
      <Filter>逻辑</Filter>
    </ClCompile>
  </ItemGroup>
  <ItemGroup>
    <ResourceCompile Include="WndDesigner.rc">
      <Filter>资源文件</Filter>
    </ResourceCompile>
  </ItemGroup>
</Project>